{
  "lockfileVersion": 1,
  "configVersion": 1,
  "workspaces": {
    "": {
      "name": "xschema-typescript",
      "devDependencies": {
        "typescript": "^5.0.0",
      },
    },
    "example": {
      "name": "xschema-typescript-example",
      "dependencies": {
        "@xschemadev/arktype": "workspace:*",
        "@xschemadev/client": "workspace:*",
        "@xschemadev/zod": "workspace:*",
        "arktype": "^2.1.29",
        "zod": "^3.24.0",
      },
      "devDependencies": {
        "@types/bun": "latest",
      },
    },
    "packages/adapters/arktype": {
      "name": "@xschemadev/arktype",
      "version": "0.1.2",
      "bin": {
        "xschema-arktype": "./dist/cli.js",
      },
      "dependencies": {
        "@xschemadev/core": "workspace:*",
      },
      "devDependencies": {
        "arktype": "^2.1.20",
      },
      "peerDependencies": {
        "arktype": "^2.0.0",
      },
    },
    "packages/adapters/effect": {
      "name": "@xschemadev/effect",
      "version": "0.1.0",
      "bin": {
        "xschema-effect": "./dist/cli.js",
      },
      "dependencies": {
        "@xschemadev/core": "workspace:*",
      },
      "devDependencies": {
        "effect": "^3.12.5",
      },
      "peerDependencies": {
        "effect": "^3.0.0",
      },
    },
    "packages/adapters/typebox": {
      "name": "@xschemadev/typebox",
      "version": "0.1.0",
      "bin": {
        "xschema-typebox": "./dist/cli.js",
      },
      "dependencies": {
        "@xschemadev/core": "workspace:*",
      },
      "devDependencies": {
        "@sinclair/typebox": "^0.34.0",
        "ajv": "^8.17.1",
        "ajv-formats": "^3.0.1",
      },
      "peerDependencies": {
        "@sinclair/typebox": "^0.34.0",
      },
    },
    "packages/adapters/typescript": {
      "name": "@xschemadev/typescript",
      "version": "0.1.0",
      "bin": {
        "xschema-typescript": "./dist/cli.js",
      },
      "dependencies": {
        "@xschemadev/core": "workspace:*",
      },
      "devDependencies": {
        "typescript": "^5.7.3",
      },
    },
    "packages/adapters/valibot": {
      "name": "@xschemadev/valibot",
      "version": "0.1.0",
      "bin": {
        "xschema-valibot": "./dist/cli.js",
      },
      "dependencies": {
        "@xschemadev/core": "workspace:*",
      },
      "devDependencies": {
        "valibot": "^0.42.0",
      },
      "peerDependencies": {
        "valibot": "^0.42.0",
      },
    },
    "packages/adapters/zod": {
      "name": "@xschemadev/zod",
      "version": "0.2.1",
      "bin": {
        "xschema-zod": "./dist/cli.js",
      },
      "dependencies": {
        "@xschemadev/core": "workspace:*",
      },
      "devDependencies": {
        "zod": "^3.24.0",
      },
      "peerDependencies": {
        "zod": "^3.0.0",
      },
    },
    "packages/client": {
      "name": "@xschemadev/client",
      "version": "0.0.4",
    },
    "packages/core": {
      "name": "@xschemadev/core",
      "version": "0.1.0",
      "devDependencies": {
        "@types/node": "^22.0.0",
      },
    },
  },
  "packages": {
    "@ark/schema": ["@ark/schema@0.56.0", "", { "dependencies": { "@ark/util": "0.56.0" } }, "sha512-ECg3hox/6Z/nLajxXqNhgPtNdHWC9zNsDyskwO28WinoFEnWow4IsERNz9AnXRhTZJnYIlAJ4uGn3nlLk65vZA=="],

    "@ark/util": ["@ark/util@0.56.0", "", {}, "sha512-BghfRC8b9pNs3vBoDJhcta0/c1J1rsoS1+HgVUreMFPdhz/CRAKReAu57YEllNaSy98rWAdY1gE+gFup7OXpgA=="],

    "@sinclair/typebox": ["@sinclair/typebox@0.34.47", "", {}, "sha512-ZGIBQ+XDvO5JQku9wmwtabcVTHJsgSWAHYtVuM9pBNNR5E88v6Jcj/llpmsjivig5X8A8HHOb4/mbEKPS5EvAw=="],

    "@standard-schema/spec": ["@standard-schema/spec@1.1.0", "", {}, "sha512-l2aFy5jALhniG5HgqrD6jXLi/rUWrKvqN/qJx6yoJsgKhblVd+iqqU4RCXavm/jPityDo5TCvKMnpjKnOriy0w=="],

    "@types/bun": ["@types/bun@1.3.5", "", { "dependencies": { "bun-types": "1.3.5" } }, "sha512-RnygCqNrd3srIPEWBd5LFeUYG7plCoH2Yw9WaZGyNmdTEei+gWaHqydbaIRkIkcbXwhBT94q78QljxN0Sk838w=="],

    "@types/node": ["@types/node@22.19.3", "", { "dependencies": { "undici-types": "~6.21.0" } }, "sha512-1N9SBnWYOJTrNZCdh/yJE+t910Y128BoyY+zBLWhL3r0TYzlTmFdXrPwHL9DyFZmlEXNQQolTZh3KHV31QDhyA=="],

    "@xschemadev/arktype": ["@xschemadev/arktype@workspace:packages/adapters/arktype"],

    "@xschemadev/client": ["@xschemadev/client@workspace:packages/client"],

    "@xschemadev/core": ["@xschemadev/core@workspace:packages/core"],

    "@xschemadev/effect": ["@xschemadev/effect@workspace:packages/adapters/effect"],

    "@xschemadev/typebox": ["@xschemadev/typebox@workspace:packages/adapters/typebox"],

    "@xschemadev/typescript": ["@xschemadev/typescript@workspace:packages/adapters/typescript"],

    "@xschemadev/valibot": ["@xschemadev/valibot@workspace:packages/adapters/valibot"],

    "@xschemadev/zod": ["@xschemadev/zod@workspace:packages/adapters/zod"],

    "ajv": ["ajv@8.17.1", "", { "dependencies": { "fast-deep-equal": "^3.1.3", "fast-uri": "^3.0.1", "json-schema-traverse": "^1.0.0", "require-from-string": "^2.0.2" } }, "sha512-B/gBuNg5SiMTrPkC+A2+cW0RszwxYmn6VYxB/inlBStS5nx6xHIt/ehKRhIMhqusl7a8LjQoZnjCs5vhwxOQ1g=="],

    "ajv-formats": ["ajv-formats@3.0.1", "", { "dependencies": { "ajv": "^8.0.0" } }, "sha512-8iUql50EUR+uUcdRQ3HDqa6EVyo3docL8g5WJ3FNcWmu62IbkGUue/pEyLBW8VGKKucTPgqeks4fIU1DA4yowQ=="],

    "arkregex": ["arkregex@0.0.5", "", { "dependencies": { "@ark/util": "0.56.0" } }, "sha512-ncYjBdLlh5/QnVsAA8De16Tc9EqmYM7y/WU9j+236KcyYNUXogpz3sC4ATIZYzzLxwI+0sEOaQLEmLmRleaEXw=="],

    "arktype": ["arktype@2.1.29", "", { "dependencies": { "@ark/schema": "0.56.0", "@ark/util": "0.56.0", "arkregex": "0.0.5" } }, "sha512-jyfKk4xIOzvYNayqnD8ZJQqOwcrTOUbIU4293yrzAjA3O1dWh61j71ArMQ6tS/u4pD7vabSPe7nG3RCyoXW6RQ=="],

    "bun-types": ["bun-types@1.3.5", "", { "dependencies": { "@types/node": "*" } }, "sha512-inmAYe2PFLs0SUbFOWSVD24sg1jFlMPxOjOSSCYqUgn4Hsc3rDc7dFvfVYjFPNHtov6kgUeulV4SxbuIV/stPw=="],

    "effect": ["effect@3.19.14", "", { "dependencies": { "@standard-schema/spec": "^1.0.0", "fast-check": "^3.23.1" } }, "sha512-3vwdq0zlvQOxXzXNKRIPKTqZNMyGCdaFUBfMPqpsyzZDre67kgC1EEHDV4EoQTovJ4w5fmJW756f86kkuz7WFA=="],

    "fast-check": ["fast-check@3.23.2", "", { "dependencies": { "pure-rand": "^6.1.0" } }, "sha512-h5+1OzzfCC3Ef7VbtKdcv7zsstUQwUDlYpUTvjeUsJAssPgLn7QzbboPtL5ro04Mq0rPOsMzl7q5hIbRs2wD1A=="],

    "fast-deep-equal": ["fast-deep-equal@3.1.3", "", {}, "sha512-f3qQ9oQy9j2AhBe/H9VC91wLmKBCCU/gDOnKNAYG5hswO7BLKj09Hc5HYNz9cGI++xlpDCIgDaitVs03ATR84Q=="],

    "fast-uri": ["fast-uri@3.1.0", "", {}, "sha512-iPeeDKJSWf4IEOasVVrknXpaBV0IApz/gp7S2bb7Z4Lljbl2MGJRqInZiUrQwV16cpzw/D3S5j5Julj/gT52AA=="],

    "json-schema-traverse": ["json-schema-traverse@1.0.0", "", {}, "sha512-NM8/P9n3XjXhIZn1lLhkFaACTOURQXjWhV4BA/RnOv8xvgqtqpAX9IO4mRQxSx1Rlo4tqzeqb0sOlruaOy3dug=="],

    "pure-rand": ["pure-rand@6.1.0", "", {}, "sha512-bVWawvoZoBYpp6yIoQtQXHZjmz35RSVHnUOTefl8Vcjr8snTPY1wnpSPMWekcFwbxI6gtmT7rSYPFvz71ldiOA=="],

    "require-from-string": ["require-from-string@2.0.2", "", {}, "sha512-Xf0nWe6RseziFMu+Ap9biiUbmplq6S9/p+7w7YXP/JBHhrUDDUhwa+vANyubuqfZWTveU//DYVGsDG7RKL/vEw=="],

    "typescript": ["typescript@5.9.3", "", { "bin": { "tsc": "bin/tsc", "tsserver": "bin/tsserver" } }, "sha512-jl1vZzPDinLr9eUt3J/t7V6FgNEw9QjvBPdysz9KfQDD41fQrC2Y4vKQdiaUpFT4bXlb1RHhLpp8wtm6M5TgSw=="],

    "undici-types": ["undici-types@6.21.0", "", {}, "sha512-iwDZqg0QAGrg9Rav5H4n0M64c3mkR59cJ6wQp+7C4nI0gsmExaedaYLNO44eT4AtBBwjbTiGPMlt2Md0T9H9JQ=="],

    "valibot": ["valibot@0.42.1", "", { "peerDependencies": { "typescript": ">=5" }, "optionalPeers": ["typescript"] }, "sha512-3keXV29Ar5b//Hqi4MbSdV7lfVp6zuYLZuA9V1PvQUsXqogr+u5lvLPLk3A4f74VUXDnf/JfWMN6sB+koJ/FFw=="],

    "xschema-typescript-example": ["xschema-typescript-example@workspace:example"],

    "zod": ["zod@3.25.76", "", {}, "sha512-gzUt/qt81nXsFGKIFcC3YnfEAx5NkunCfnDlvuBSSFS02bcXu4Lmea0AFIUwbLWxWPx3d9p8S5QoaujKcNQxcQ=="],
  }
}
