{
  "lockfileVersion": 1,
  "configVersion": 1,
  "workspaces": {
    "": {
      "name": "generator-test",
      "dependencies": {
        "@xschema": "file:../../../../typescript",
      },
    },
  },
  "packages": {
    "@types/node": ["@types/node@22.19.3", "", { "dependencies": { "undici-types": "~6.21.0" } }, "sha512-1N9SBnWYOJTrNZCdh/yJE+t910Y128BoyY+zBLWhL3r0TYzlTmFdXrPwHL9DyFZmlEXNQQolTZh3KHV31QDhyA=="],

    "@xschema": ["@xschema@file:../../../../typescript", { "dependencies": { "json-schema-to-zod": "^2.4.1" }, "devDependencies": { "@types/node": "^22.0.0", "typescript": "^5.0.0", "zod": "^3.24.0" }, "peerDependencies": { "zod": "^3.0.0" }, "optionalPeers": ["zod"], "bin": { "xschema-zod": "./dist/adapters/zod/cli.js" } }],

    "json-schema-to-zod": ["json-schema-to-zod@2.7.0", "", { "bin": { "json-schema-to-zod": "dist/cjs/cli.js" } }, "sha512-eW59l3NQ6sa3HcB+Ahf7pP6iGU7MY4we5JsPqXQ2ZcIPF8QxSg/lkY8lN0Js/AG0NjMbk+nZGUfHlceiHF+bwQ=="],

    "typescript": ["typescript@5.9.3", "", { "bin": { "tsc": "bin/tsc", "tsserver": "bin/tsserver" } }, "sha512-jl1vZzPDinLr9eUt3J/t7V6FgNEw9QjvBPdysz9KfQDD41fQrC2Y4vKQdiaUpFT4bXlb1RHhLpp8wtm6M5TgSw=="],

    "undici-types": ["undici-types@6.21.0", "", {}, "sha512-iwDZqg0QAGrg9Rav5H4n0M64c3mkR59cJ6wQp+7C4nI0gsmExaedaYLNO44eT4AtBBwjbTiGPMlt2Md0T9H9JQ=="],

    "zod": ["zod@3.25.76", "", {}, "sha512-gzUt/qt81nXsFGKIFcC3YnfEAx5NkunCfnDlvuBSSFS02bcXu4Lmea0AFIUwbLWxWPx3d9p8S5QoaujKcNQxcQ=="],
  }
}
